
Microsoft Visual Studio Solution File, Format Version 12.00
# Visual Studio Version 16
VisualStudioVersion = 16.0.33423.256
MinimumVisualStudioVersion = 10.0.40219.1
Project("{FAE04EC0-301F-11D3-BF4B-00C04F79EFBC}") = "RedPanda.Api", "RedPanda.Api\RedPanda.Api.csproj", "{C64E3BD9-C755-4E74-8916-9D9035A2118E}"
EndProject
Project("{FAE04EC0-301F-11D3-BF4B-00C04F79EFBC}") = "Domain", "Domain\Domain.csproj", "{2110039F-54CF-4C8C-A765-2957FD92019A}"
EndProject
Project("{FAE04EC0-301F-11D3-BF4B-00C04F79EFBC}") = "RedPanda.Test", "RedPanda.Test\RedPanda.Test.csproj", "{50A465D2-E96F-438F-98BA-14D4FE21192C}"
EndProject
Project("{FAE04EC0-301F-11D3-BF4B-00C04F79EFBC}") = "Repository", "Repository\Repository.csproj", "{270AF833-C0DE-45DD-A368-5F05F0E8A3F6}"
EndProject
Global
	GlobalSection(SolutionConfigurationPlatforms) = preSolution
		Debug|Any CPU = Debug|Any CPU
		Release|Any CPU = Release|Any CPU
	EndGlobalSection
	GlobalSection(ProjectConfigurationPlatforms) = postSolution
		{C64E3BD9-C755-4E74-8916-9D9035A2118E}.Debug|Any CPU.ActiveCfg = Debug|Any CPU
		{C64E3BD9-C755-4E74-8916-9D9035A2118E}.Debug|Any CPU.Build.0 = Debug|Any CPU
		{C64E3BD9-C755-4E74-8916-9D9035A2118E}.Release|Any CPU.ActiveCfg = Release|Any CPU
		{C64E3BD9-C755-4E74-8916-9D9035A2118E}.Release|Any CPU.Build.0 = Release|Any CPU
		{2110039F-54CF-4C8C-A765-2957FD92019A}.Debug|Any CPU.ActiveCfg = Debug|Any CPU
		{2110039F-54CF-4C8C-A765-2957FD92019A}.Debug|Any CPU.Build.0 = Debug|Any CPU
		{2110039F-54CF-4C8C-A765-2957FD92019A}.Release|Any CPU.ActiveCfg = Release|Any CPU
		{2110039F-54CF-4C8C-A765-2957FD92019A}.Release|Any CPU.Build.0 = Release|Any CPU
		{50A465D2-E96F-438F-98BA-14D4FE21192C}.Debug|Any CPU.ActiveCfg = Debug|Any CPU
		{50A465D2-E96F-438F-98BA-14D4FE21192C}.Debug|Any CPU.Build.0 = Debug|Any CPU
		{50A465D2-E96F-438F-98BA-14D4FE21192C}.Release|Any CPU.ActiveCfg = Release|Any CPU
		{50A465D2-E96F-438F-98BA-14D4FE21192C}.Release|Any CPU.Build.0 = Release|Any CPU
		{270AF833-C0DE-45DD-A368-5F05F0E8A3F6}.Debug|Any CPU.ActiveCfg = Debug|Any CPU
		{270AF833-C0DE-45DD-A368-5F05F0E8A3F6}.Debug|Any CPU.Build.0 = Debug|Any CPU
		{270AF833-C0DE-45DD-A368-5F05F0E8A3F6}.Release|Any CPU.ActiveCfg = Release|Any CPU
		{270AF833-C0DE-45DD-A368-5F05F0E8A3F6}.Release|Any CPU.Build.0 = Release|Any CPU
	EndGlobalSection
	GlobalSection(SolutionProperties) = preSolution
		HideSolutionNode = FALSE
	EndGlobalSection
	GlobalSection(ExtensibilityGlobals) = postSolution
		SolutionGuid = {B712E0FB-C33D-45F8-8B11-6826C1E1A2FF}
	EndGlobalSection
EndGlobal
